
Microsoft Visual Studio Solution File, Format Version 12.00
# Visual Studio 15
VisualStudioVersion = 15.0.27004.2002
MinimumVisualStudioVersion = 10.0.40219.1
Project("{FAE04EC0-301F-11D3-BF4B-00C04F79EFBC}") = "Fredagstest", "Fredagstest\Fredagstest.csproj", "{4D2973A4-9429-4B8C-88D7-F371E9860E6B}"
EndProject
Global
	GlobalSection(SolutionConfigurationPlatforms) = preSolution
		Debug|Any CPU = Debug|Any CPU
		Release|Any CPU = Release|Any CPU
	EndGlobalSection
	GlobalSection(ProjectConfigurationPlatforms) = postSolution
		{4D2973A4-9429-4B8C-88D7-F371E9860E6B}.Debug|Any CPU.ActiveCfg = Debug|Any CPU
		{4D2973A4-9429-4B8C-88D7-F371E9860E6B}.Debug|Any CPU.Build.0 = Debug|Any CPU
		{4D2973A4-9429-4B8C-88D7-F371E9860E6B}.Release|Any CPU.ActiveCfg = Release|Any CPU
		{4D2973A4-9429-4B8C-88D7-F371E9860E6B}.Release|Any CPU.Build.0 = Release|Any CPU
	EndGlobalSection
	GlobalSection(SolutionProperties) = preSolution
		HideSolutionNode = FALSE
	EndGlobalSection
	GlobalSection(ExtensibilityGlobals) = postSolution
		SolutionGuid = {34D92703-3126-4E78-AA0E-2D5AFBDD8C22}
	EndGlobalSection
EndGlobal
