
Microsoft Visual Studio Solution File, Format Version 12.00
# Visual Studio 15
VisualStudioVersion = 15.0.27004.2002
MinimumVisualStudioVersion = 10.0.40219.1
Project("{FAE04EC0-301F-11D3-BF4B-00C04F79EFBC}") = "Mandag_30_11_17", "Mandag_30_11_17\Mandag_30_11_17.csproj", "{D5DBC51C-CE50-41A8-8273-378BBF0B67DE}"
EndProject
Global
	GlobalSection(SolutionConfigurationPlatforms) = preSolution
		Debug|Any CPU = Debug|Any CPU
		Release|Any CPU = Release|Any CPU
	EndGlobalSection
	GlobalSection(ProjectConfigurationPlatforms) = postSolution
		{D5DBC51C-CE50-41A8-8273-378BBF0B67DE}.Debug|Any CPU.ActiveCfg = Debug|Any CPU
		{D5DBC51C-CE50-41A8-8273-378BBF0B67DE}.Debug|Any CPU.Build.0 = Debug|Any CPU
		{D5DBC51C-CE50-41A8-8273-378BBF0B67DE}.Release|Any CPU.ActiveCfg = Release|Any CPU
		{D5DBC51C-CE50-41A8-8273-378BBF0B67DE}.Release|Any CPU.Build.0 = Release|Any CPU
	EndGlobalSection
	GlobalSection(SolutionProperties) = preSolution
		HideSolutionNode = FALSE
	EndGlobalSection
	GlobalSection(ExtensibilityGlobals) = postSolution
		SolutionGuid = {D1212E8F-A8C6-42FE-A6BC-595F7D85DAF7}
	EndGlobalSection
EndGlobal
