
Microsoft Visual Studio Solution File, Format Version 12.00
# Visual Studio 15
VisualStudioVersion = 15.0.27130.0
MinimumVisualStudioVersion = 10.0.40219.1
Project("{FAE04EC0-301F-11D3-BF4B-00C04F79EFBC}") = "AbstractClassTest", "AbstractClassTest\AbstractClassTest.csproj", "{18A4CA0A-3FEB-4CF6-9A65-28E74BEC0B0E}"
EndProject
Global
	GlobalSection(SolutionConfigurationPlatforms) = preSolution
		Debug|Any CPU = Debug|Any CPU
		Release|Any CPU = Release|Any CPU
	EndGlobalSection
	GlobalSection(ProjectConfigurationPlatforms) = postSolution
		{18A4CA0A-3FEB-4CF6-9A65-28E74BEC0B0E}.Debug|Any CPU.ActiveCfg = Debug|Any CPU
		{18A4CA0A-3FEB-4CF6-9A65-28E74BEC0B0E}.Debug|Any CPU.Build.0 = Debug|Any CPU
		{18A4CA0A-3FEB-4CF6-9A65-28E74BEC0B0E}.Release|Any CPU.ActiveCfg = Release|Any CPU
		{18A4CA0A-3FEB-4CF6-9A65-28E74BEC0B0E}.Release|Any CPU.Build.0 = Release|Any CPU
	EndGlobalSection
	GlobalSection(SolutionProperties) = preSolution
		HideSolutionNode = FALSE
	EndGlobalSection
	GlobalSection(ExtensibilityGlobals) = postSolution
		SolutionGuid = {1832B3DD-D135-4707-B720-CD9DA4596467}
	EndGlobalSection
EndGlobal
