
Microsoft Visual Studio Solution File, Format Version 12.00
# Visual Studio 15
VisualStudioVersion = 15.0.27004.2002
MinimumVisualStudioVersion = 10.0.40219.1
Project("{FAE04EC0-301F-11D3-BF4B-00C04F79EFBC}") = "FourOnARow", "FourOnARow\FourOnARow.csproj", "{63BF4805-B2AF-4B34-8E58-3F2910DAE6F7}"
EndProject
Global
	GlobalSection(SolutionConfigurationPlatforms) = preSolution
		Debug|Any CPU = Debug|Any CPU
		Release|Any CPU = Release|Any CPU
	EndGlobalSection
	GlobalSection(ProjectConfigurationPlatforms) = postSolution
		{63BF4805-B2AF-4B34-8E58-3F2910DAE6F7}.Debug|Any CPU.ActiveCfg = Debug|Any CPU
		{63BF4805-B2AF-4B34-8E58-3F2910DAE6F7}.Debug|Any CPU.Build.0 = Debug|Any CPU
		{63BF4805-B2AF-4B34-8E58-3F2910DAE6F7}.Release|Any CPU.ActiveCfg = Release|Any CPU
		{63BF4805-B2AF-4B34-8E58-3F2910DAE6F7}.Release|Any CPU.Build.0 = Release|Any CPU
	EndGlobalSection
	GlobalSection(SolutionProperties) = preSolution
		HideSolutionNode = FALSE
	EndGlobalSection
	GlobalSection(ExtensibilityGlobals) = postSolution
		SolutionGuid = {44B9B4E2-A22B-4251-A35D-22ADD37C6464}
	EndGlobalSection
EndGlobal
